
Microsoft Visual Studio Solution File, Format Version 12.00
# Visual Studio 15
VisualStudioVersion = 15.0.28307.902
MinimumVisualStudioVersion = 10.0.40219.1
Project("{FAE04EC0-301F-11D3-BF4B-00C04F79EFBC}") = "PrecipointChallenge", "PrecipointChallenge\PrecipointChallenge.csproj", "{122F7177-E4DC-47FC-90C7-2322E64B0769}"
EndProject
Global
	GlobalSection(SolutionConfigurationPlatforms) = preSolution
		Debug|Any CPU = Debug|Any CPU
		Release|Any CPU = Release|Any CPU
	EndGlobalSection
	GlobalSection(ProjectConfigurationPlatforms) = postSolution
		{122F7177-E4DC-47FC-90C7-2322E64B0769}.Debug|Any CPU.ActiveCfg = Debug|Any CPU
		{122F7177-E4DC-47FC-90C7-2322E64B0769}.Debug|Any CPU.Build.0 = Debug|Any CPU
		{122F7177-E4DC-47FC-90C7-2322E64B0769}.Release|Any CPU.ActiveCfg = Release|Any CPU
		{122F7177-E4DC-47FC-90C7-2322E64B0769}.Release|Any CPU.Build.0 = Release|Any CPU
	EndGlobalSection
	GlobalSection(SolutionProperties) = preSolution
		HideSolutionNode = FALSE
	EndGlobalSection
	GlobalSection(ExtensibilityGlobals) = postSolution
		SolutionGuid = {FA0F8E39-F824-4202-9877-8DB827292AAA}
	EndGlobalSection
EndGlobal
